// !$*UTF8*$!
{
	archiveVersion = 1;
	classes = {
	};
	objectVersion = 56;
	objects = {

/* Begin PBXBuildFile section */
		A65763B0290BBAAD00BE2B18 /* MycalendarApp.swift in Sources */ = {isa = PBXBuildFile; fileRef = A65763AF290BBAAD00BE2B18 /* MycalendarApp.swift */; };
		A65763B2290BBAAD00BE2B18 /* CalendarView.swift in Sources */ = {isa = PBXBuildFile; fileRef = A65763B1290BBAAD00BE2B18 /* CalendarView.swift */; };
		A65763B4290BBAAE00BE2B18 /* Assets.xcassets in Resources */ = {isa = PBXBuildFile; fileRef = A65763B3290BBAAE00BE2B18 /* Assets.xcassets */; };
		A65763B7290BBAAE00BE2B18 /* Preview Assets.xcassets in Resources */ = {isa = PBXBuildFile; fileRef = A65763B6290BBAAE00BE2B18 /* Preview Assets.xcassets */; };
		A65763BF290BBB6100BE2B18 /* FSCalendar in Frameworks */ = {isa = PBXBuildFile; productRef = A65763BE290BBB6100BE2B18 /* FSCalendar */; };
		A65763C3290F828600BE2B18 /* ViewModel.swift in Sources */ = {isa = PBXBuildFile; fileRef = A65763C2290F828600BE2B18 /* ViewModel.swift */; };
		A65763C5290F877000BE2B18 /* MainView.swift in Sources */ = {isa = PBXBuildFile; fileRef = A65763C4290F877000BE2B18 /* MainView.swift */; };
		A65763C7290F947100BE2B18 /* ToDoView.swift in Sources */ = {isa = PBXBuildFile; fileRef = A65763C6290F947100BE2B18 /* ToDoView.swift */; };
		A65763C9290F948E00BE2B18 /* AccountView.swift in Sources */ = {isa = PBXBuildFile; fileRef = A65763C8290F948E00BE2B18 /* AccountView.swift */; };
		A65763CF290F9BB100BE2B18 /* MemoView.swift in Sources */ = {isa = PBXBuildFile; fileRef = A65763CE290F9BB100BE2B18 /* MemoView.swift */; };
		A65763D1290F9E9700BE2B18 /* DetailMemoView.swift in Sources */ = {isa = PBXBuildFile; fileRef = A65763D0290F9E9700BE2B18 /* DetailMemoView.swift */; };
		A65763D3290FA93900BE2B18 /* Model.swift in Sources */ = {isa = PBXBuildFile; fileRef = A65763D2290FA93900BE2B18 /* Model.swift */; };
		A65763D5290FBF4C00BE2B18 /* memo.json in Resources */ = {isa = PBXBuildFile; fileRef = A65763D4290FBF4C00BE2B18 /* memo.json */; };
		A65763D92910E01B00BE2B18 /* ToDoDetailView.swift in Sources */ = {isa = PBXBuildFile; fileRef = A65763D82910E01B00BE2B18 /* ToDoDetailView.swift */; };
/* End PBXBuildFile section */

/* Begin PBXFileReference section */
		A65763AC290BBAAD00BE2B18 /* Mycalendar.app */ = {isa = PBXFileReference; explicitFileType = wrapper.application; includeInIndex = 0; path = Mycalendar.app; sourceTree = BUILT_PRODUCTS_DIR; };
		A65763AF290BBAAD00BE2B18 /* MycalendarApp.swift */ = {isa = PBXFileReference; lastKnownFileType = sourcecode.swift; path = MycalendarApp.swift; sourceTree = "<group>"; };
		A65763B1290BBAAD00BE2B18 /* CalendarView.swift */ = {isa = PBXFileReference; lastKnownFileType = sourcecode.swift; path = CalendarView.swift; sourceTree = "<group>"; };
		A65763B3290BBAAE00BE2B18 /* Assets.xcassets */ = {isa = PBXFileReference; lastKnownFileType = folder.assetcatalog; path = Assets.xcassets; sourceTree = "<group>"; };
		A65763B6290BBAAE00BE2B18 /* Preview Assets.xcassets */ = {isa = PBXFileReference; lastKnownFileType = folder.assetcatalog; path = "Preview Assets.xcassets"; sourceTree = "<group>"; };
		A65763C2290F828600BE2B18 /* ViewModel.swift */ = {isa = PBXFileReference; lastKnownFileType = sourcecode.swift; path = ViewModel.swift; sourceTree = "<group>"; };
		A65763C4290F877000BE2B18 /* MainView.swift */ = {isa = PBXFileReference; lastKnownFileType = sourcecode.swift; path = MainView.swift; sourceTree = "<group>"; };
		A65763C6290F947100BE2B18 /* ToDoView.swift */ = {isa = PBXFileReference; lastKnownFileType = sourcecode.swift; path = ToDoView.swift; sourceTree = "<group>"; };
		A65763C8290F948E00BE2B18 /* AccountView.swift */ = {isa = PBXFileReference; lastKnownFileType = sourcecode.swift; path = AccountView.swift; sourceTree = "<group>"; };
		A65763CE290F9BB100BE2B18 /* MemoView.swift */ = {isa = PBXFileReference; lastKnownFileType = sourcecode.swift; path = MemoView.swift; sourceTree = "<group>"; };
		A65763D0290F9E9700BE2B18 /* DetailMemoView.swift */ = {isa = PBXFileReference; lastKnownFileType = sourcecode.swift; path = DetailMemoView.swift; sourceTree = "<group>"; };
		A65763D2290FA93900BE2B18 /* Model.swift */ = {isa = PBXFileReference; lastKnownFileType = sourcecode.swift; path = Model.swift; sourceTree = "<group>"; };
		A65763D4290FBF4C00BE2B18 /* memo.json */ = {isa = PBXFileReference; lastKnownFileType = text.json; path = memo.json; sourceTree = "<group>"; };
		A65763D82910E01B00BE2B18 /* ToDoDetailView.swift */ = {isa = PBXFileReference; lastKnownFileType = sourcecode.swift; path = ToDoDetailView.swift; sourceTree = "<group>"; };
/* End PBXFileReference section */

/* Begin PBXFrameworksBuildPhase section */
		A65763A9290BBAAD00BE2B18 /* Frameworks */ = {
			isa = PBXFrameworksBuildPhase;
			buildActionMask = 2147483647;
			files = (
				A65763BF290BBB6100BE2B18 /* FSCalendar in Frameworks */,
			);
			runOnlyForDeploymentPostprocessing = 0;
		};
/* End PBXFrameworksBuildPhase section */

/* Begin PBXGroup section */
		A65763A3290BBAAD00BE2B18 = {
			isa = PBXGroup;
			children = (
				A65763AE290BBAAD00BE2B18 /* Mycalendar */,
				A65763AD290BBAAD00BE2B18 /* Products */,
			);
			sourceTree = "<group>";
		};
		A65763AD290BBAAD00BE2B18 /* Products */ = {
			isa = PBXGroup;
			children = (
				A65763AC290BBAAD00BE2B18 /* Mycalendar.app */,
			);
			name = Products;
			sourceTree = "<group>";
		};
		A65763AE290BBAAD00BE2B18 /* Mycalendar */ = {
			isa = PBXGroup;
			children = (
				A65763CB290F96FC00BE2B18 /* Model */,
				A65763CA290F96F700BE2B18 /* View */,
				A65763CD290F973600BE2B18 /* ViewModel */,
				A65763AF290BBAAD00BE2B18 /* MycalendarApp.swift */,
				A65763B3290BBAAE00BE2B18 /* Assets.xcassets */,
				A65763B5290BBAAE00BE2B18 /* Preview Content */,
				A65763D4290FBF4C00BE2B18 /* memo.json */,
			);
			path = Mycalendar;
			sourceTree = "<group>";
		};
		A65763B5290BBAAE00BE2B18 /* Preview Content */ = {
			isa = PBXGroup;
			children = (
				A65763B6290BBAAE00BE2B18 /* Preview Assets.xcassets */,
			);
			path = "Preview Content";
			sourceTree = "<group>";
		};
		A65763CA290F96F700BE2B18 /* View */ = {
			isa = PBXGroup;
			children = (
				A65763C8290F948E00BE2B18 /* AccountView.swift */,
				A65763C6290F947100BE2B18 /* ToDoView.swift */,
				A65763B1290BBAAD00BE2B18 /* CalendarView.swift */,
				A65763C4290F877000BE2B18 /* MainView.swift */,
				A65763CE290F9BB100BE2B18 /* MemoView.swift */,
				A65763D0290F9E9700BE2B18 /* DetailMemoView.swift */,
				A65763D82910E01B00BE2B18 /* ToDoDetailView.swift */,
			);
			path = View;
			sourceTree = "<group>";
		};
		A65763CB290F96FC00BE2B18 /* Model */ = {
			isa = PBXGroup;
			children = (
				A65763D2290FA93900BE2B18 /* Model.swift */,
			);
			path = Model;
			sourceTree = "<group>";
		};
		A65763CD290F973600BE2B18 /* ViewModel */ = {
			isa = PBXGroup;
			children = (
				A65763C2290F828600BE2B18 /* ViewModel.swift */,
			);
			path = ViewModel;
			sourceTree = "<group>";
		};
/* End PBXGroup section */

/* Begin PBXNativeTarget section */
		A65763AB290BBAAD00BE2B18 /* Mycalendar */ = {
			isa = PBXNativeTarget;
			buildConfigurationList = A65763BA290BBAAE00BE2B18 /* Build configuration list for PBXNativeTarget "Mycalendar" */;
			buildPhases = (
				A65763A8290BBAAD00BE2B18 /* Sources */,
				A65763A9290BBAAD00BE2B18 /* Frameworks */,
				A65763AA290BBAAD00BE2B18 /* Resources */,
			);
			buildRules = (
			);
			dependencies = (
			);
			name = Mycalendar;
			packageProductDependencies = (
				A65763BE290BBB6100BE2B18 /* FSCalendar */,
			);
			productName = Mycalendar;
			productReference = A65763AC290BBAAD00BE2B18 /* Mycalendar.app */;
			productType = "com.apple.product-type.application";
		};
/* End PBXNativeTarget section */

/* Begin PBXProject section */
		A65763A4290BBAAD00BE2B18 /* Project object */ = {
			isa = PBXProject;
			attributes = {
				BuildIndependentTargetsInParallel = 1;
				LastSwiftUpdateCheck = 1400;
				LastUpgradeCheck = 1400;
				TargetAttributes = {
					A65763AB290BBAAD00BE2B18 = {
						CreatedOnToolsVersion = 14.0.1;
					};
				};
			};
			buildConfigurationList = A65763A7290BBAAD00BE2B18 /* Build configuration list for PBXProject "Mycalendar" */;
			compatibilityVersion = "Xcode 14.0";
			developmentRegion = en;
			hasScannedForEncodings = 0;
			knownRegions = (
				en,
				Base,
			);
			mainGroup = A65763A3290BBAAD00BE2B18;
			packageReferences = (
				A65763BD290BBB6100BE2B18 /* XCRemoteSwiftPackageReference "FSCalendar" */,
			);
			productRefGroup = A65763AD290BBAAD00BE2B18 /* Products */;
			projectDirPath = "";
			projectRoot = "";
			targets = (
				A65763AB290BBAAD00BE2B18 /* Mycalendar */,
			);
		};
/* End PBXProject section */

/* Begin PBXResourcesBuildPhase section */
		A65763AA290BBAAD00BE2B18 /* Resources */ = {
			isa = PBXResourcesBuildPhase;
			buildActionMask = 2147483647;
			files = (
				A65763D5290FBF4C00BE2B18 /* memo.json in Resources */,
				A65763B7290BBAAE00BE2B18 /* Preview Assets.xcassets in Resources */,
				A65763B4290BBAAE00BE2B18 /* Assets.xcassets in Resources */,
			);
			runOnlyForDeploymentPostprocessing = 0;
		};
/* End PBXResourcesBuildPhase section */

/* Begin PBXSourcesBuildPhase section */
		A65763A8290BBAAD00BE2B18 /* Sources */ = {
			isa = PBXSourcesBuildPhase;
			buildActionMask = 2147483647;
			files = (
				A65763D3290FA93900BE2B18 /* Model.swift in Sources */,
				A65763CF290F9BB100BE2B18 /* MemoView.swift in Sources */,
				A65763C9290F948E00BE2B18 /* AccountView.swift in Sources */,
				A65763B2290BBAAD00BE2B18 /* CalendarView.swift in Sources */,
				A65763D1290F9E9700BE2B18 /* DetailMemoView.swift in Sources */,
				A65763D92910E01B00BE2B18 /* ToDoDetailView.swift in Sources */,
				A65763C5290F877000BE2B18 /* MainView.swift in Sources */,
				A65763C3290F828600BE2B18 /* ViewModel.swift in Sources */,
				A65763B0290BBAAD00BE2B18 /* MycalendarApp.swift in Sources */,
				A65763C7290F947100BE2B18 /* ToDoView.swift in Sources */,
			);
			runOnlyForDeploymentPostprocessing = 0;
		};
/* End PBXSourcesBuildPhase section */

/* Begin XCBuildConfiguration section */
		A65763B8290BBAAE00BE2B18 /* Debug */ = {
			isa = XCBuildConfiguration;
			buildSettings = {
				ALWAYS_SEARCH_USER_PATHS = NO;
				CLANG_ANALYZER_NONNULL = YES;
				CLANG_ANALYZER_NUMBER_OBJECT_CONVERSION = YES_AGGRESSIVE;
				CLANG_CXX_LANGUAGE_STANDARD = "gnu++20";
				CLANG_ENABLE_MODULES = YES;
				CLANG_ENABLE_OBJC_ARC = YES;
				CLANG_ENABLE_OBJC_WEAK = YES;
				CLANG_WARN_BLOCK_CAPTURE_AUTORELEASING = YES;
				CLANG_WARN_BOOL_CONVERSION = YES;
				CLANG_WARN_COMMA = YES;
				CLANG_WARN_CONSTANT_CONVERSION = YES;
				CLANG_WARN_DEPRECATED_OBJC_IMPLEMENTATIONS = YES;
				CLANG_WARN_DIRECT_OBJC_ISA_USAGE = YES_ERROR;
				CLANG_WARN_DOCUMENTATION_COMMENTS = YES;
				CLANG_WARN_EMPTY_BODY = YES;
				CLANG_WARN_ENUM_CONVERSION = YES;
				CLANG_WARN_INFINITE_RECURSION = YES;
				CLANG_WARN_INT_CONVERSION = YES;
				CLANG_WARN_NON_LITERAL_NULL_CONVERSION = YES;
				CLANG_WARN_OBJC_IMPLICIT_RETAIN_SELF = YES;
				CLANG_WARN_OBJC_LITERAL_CONVERSION = YES;
				CLANG_WARN_OBJC_ROOT_CLASS = YES_ERROR;
				CLANG_WARN_QUOTED_INCLUDE_IN_FRAMEWORK_HEADER = YES;
				CLANG_WARN_RANGE_LOOP_ANALYSIS = YES;
				CLANG_WARN_STRICT_PROTOTYPES = YES;
				CLANG_WARN_SUSPICIOUS_MOVE = YES;
				CLANG_WARN_UNGUARDED_AVAILABILITY = YES_AGGRESSIVE;
				CLANG_WARN_UNREACHABLE_CODE = YES;
				CLANG_WARN__DUPLICATE_METHOD_MATCH = YES;
				COPY_PHASE_STRIP = NO;
				DEBUG_INFORMATION_FORMAT = dwarf;
				ENABLE_STRICT_OBJC_MSGSEND = YES;
				ENABLE_TESTABILITY = YES;
				GCC_C_LANGUAGE_STANDARD = gnu11;
				GCC_DYNAMIC_NO_PIC = NO;
				GCC_NO_COMMON_BLOCKS = YES;
				GCC_OPTIMIZATION_LEVEL = 0;
				GCC_PREPROCESSOR_DEFINITIONS = (
					"DEBUG=1",
					"$(inherited)",
				);
				GCC_WARN_64_TO_32_BIT_CONVERSION = YES;
				GCC_WARN_ABOUT_RETURN_TYPE = YES_ERROR;
				GCC_WARN_UNDECLARED_SELECTOR = YES;
				GCC_WARN_UNINITIALIZED_AUTOS = YES_AGGRESSIVE;
				GCC_WARN_UNUSED_FUNCTION = YES;
				GCC_WARN_UNUSED_VARIABLE = YES;
				IPHONEOS_DEPLOYMENT_TARGET = 16.0;
				MTL_ENABLE_DEBUG_INFO = INCLUDE_SOURCE;
				MTL_FAST_MATH = YES;
				ONLY_ACTIVE_ARCH = YES;
				SDKROOT = iphoneos;
				SWIFT_ACTIVE_COMPILATION_CONDITIONS = DEBUG;
				SWIFT_OPTIMIZATION_LEVEL = "-Onone";
			};
			name = Debug;
		};
		A65763B9290BBAAE00BE2B18 /* Release */ = {
			isa = XCBuildConfiguration;
			buildSettings = {
				ALWAYS_SEARCH_USER_PATHS = NO;
				CLANG_ANALYZER_NONNULL = YES;
				CLANG_ANALYZER_NUMBER_OBJECT_CONVERSION = YES_AGGRESSIVE;
				CLANG_CXX_LANGUAGE_STANDARD = "gnu++20";
				CLANG_ENABLE_MODULES = YES;
				CLANG_ENABLE_OBJC_ARC = YES;
				CLANG_ENABLE_OBJC_WEAK = YES;
				CLANG_WARN_BLOCK_CAPTURE_AUTORELEASING = YES;
				CLANG_WARN_BOOL_CONVERSION = YES;
				CLANG_WARN_COMMA = YES;
				CLANG_WARN_CONSTANT_CONVERSION = YES;
				CLANG_WARN_DEPRECATED_OBJC_IMPLEMENTATIONS = YES;
				CLANG_WARN_DIRECT_OBJC_ISA_USAGE = YES_ERROR;
				CLANG_WARN_DOCUMENTATION_COMMENTS = YES;
				CLANG_WARN_EMPTY_BODY = YES;
				CLANG_WARN_ENUM_CONVERSION = YES;
				CLANG_WARN_INFINITE_RECURSION = YES;
				CLANG_WARN_INT_CONVERSION = YES;
				CLANG_WARN_NON_LITERAL_NULL_CONVERSION = YES;
				CLANG_WARN_OBJC_IMPLICIT_RETAIN_SELF = YES;
				CLANG_WARN_OBJC_LITERAL_CONVERSION = YES;
				CLANG_WARN_OBJC_ROOT_CLASS = YES_ERROR;
				CLANG_WARN_QUOTED_INCLUDE_IN_FRAMEWORK_HEADER = YES;
				CLANG_WARN_RANGE_LOOP_ANALYSIS = YES;
				CLANG_WARN_STRICT_PROTOTYPES = YES;
				CLANG_WARN_SUSPICIOUS_MOVE = YES;
				CLANG_WARN_UNGUARDED_AVAILABILITY = YES_AGGRESSIVE;
				CLANG_WARN_UNREACHABLE_CODE = YES;
				CLANG_WARN__DUPLICATE_METHOD_MATCH = YES;
				COPY_PHASE_STRIP = NO;
				DEBUG_INFORMATION_FORMAT = "dwarf-with-dsym";
				ENABLE_NS_ASSERTIONS = NO;
				ENABLE_STRICT_OBJC_MSGSEND = YES;
				GCC_C_LANGUAGE_STANDARD = gnu11;
				GCC_NO_COMMON_BLOCKS = YES;
				GCC_WARN_64_TO_32_BIT_CONVERSION = YES;
				GCC_WARN_ABOUT_RETURN_TYPE = YES_ERROR;
				GCC_WARN_UNDECLARED_SELECTOR = YES;
				GCC_WARN_UNINITIALIZED_AUTOS = YES_AGGRESSIVE;
				GCC_WARN_UNUSED_FUNCTION = YES;
				GCC_WARN_UNUSED_VARIABLE = YES;
				IPHONEOS_DEPLOYMENT_TARGET = 16.0;
				MTL_ENABLE_DEBUG_INFO = NO;
				MTL_FAST_MATH = YES;
				SDKROOT = iphoneos;
				SWIFT_COMPILATION_MODE = wholemodule;
				SWIFT_OPTIMIZATION_LEVEL = "-O";
				VALIDATE_PRODUCT = YES;
			};
			name = Release;
		};
		A65763BB290BBAAE00BE2B18 /* Debug */ = {
			isa = XCBuildConfiguration;
			buildSettings = {
				ASSETCATALOG_COMPILER_APPICON_NAME = AppIcon;
				ASSETCATALOG_COMPILER_GLOBAL_ACCENT_COLOR_NAME = AccentColor;
				CODE_SIGN_STYLE = Automatic;
				CURRENT_PROJECT_VERSION = 1;
				DEVELOPMENT_ASSET_PATHS = "\"Mycalendar/Preview Content\"";
				DEVELOPMENT_TEAM = 3N2D6D7SCN;
				ENABLE_PREVIEWS = YES;
				GENERATE_INFOPLIST_FILE = YES;
				INFOPLIST_KEY_UIApplicationSceneManifest_Generation = YES;
				INFOPLIST_KEY_UIApplicationSupportsIndirectInputEvents = YES;
				INFOPLIST_KEY_UILaunchScreen_Generation = YES;
				INFOPLIST_KEY_UISupportedInterfaceOrientations_iPad = "UIInterfaceOrientationPortrait UIInterfaceOrientationPortraitUpsideDown UIInterfaceOrientationLandscapeLeft UIInterfaceOrientationLandscapeRight";
				INFOPLIST_KEY_UISupportedInterfaceOrientations_iPhone = "UIInterfaceOrientationPortrait UIInterfaceOrientationLandscapeLeft UIInterfaceOrientationLandscapeRight";
				LD_RUNPATH_SEARCH_PATHS = (
					"$(inherited)",
					"@executable_path/Frameworks",
				);
				MARKETING_VERSION = 1.0;
				PRODUCT_BUNDLE_IDENTIFIER = com.ohs.Mycalendar;
				PRODUCT_NAME = "$(TARGET_NAME)";
				SWIFT_EMIT_LOC_STRINGS = YES;
				SWIFT_VERSION = 5.0;
				TARGETED_DEVICE_FAMILY = "1,2";
			};
			name = Debug;
		};
		A65763BC290BBAAE00BE2B18 /* Release */ = {
			isa = XCBuildConfiguration;
			buildSettings = {
				ASSETCATALOG_COMPILER_APPICON_NAME = AppIcon;
				ASSETCATALOG_COMPILER_GLOBAL_ACCENT_COLOR_NAME = AccentColor;
				CODE_SIGN_STYLE = Automatic;
				CURRENT_PROJECT_VERSION = 1;
				DEVELOPMENT_ASSET_PATHS = "\"Mycalendar/Preview Content\"";
				DEVELOPMENT_TEAM = 3N2D6D7SCN;
				ENABLE_PREVIEWS = YES;
				GENERATE_INFOPLIST_FILE = YES;
				INFOPLIST_KEY_UIApplicationSceneManifest_Generation = YES;
				INFOPLIST_KEY_UIApplicationSupportsIndirectInputEvents = YES;
				INFOPLIST_KEY_UILaunchScreen_Generation = YES;
				INFOPLIST_KEY_UISupportedInterfaceOrientations_iPad = "UIInterfaceOrientationPortrait UIInterfaceOrientationPortraitUpsideDown UIInterfaceOrientationLandscapeLeft UIInterfaceOrientationLandscapeRight";
				INFOPLIST_KEY_UISupportedInterfaceOrientations_iPhone = "UIInterfaceOrientationPortrait UIInterfaceOrientationLandscapeLeft UIInterfaceOrientationLandscapeRight";
				LD_RUNPATH_SEARCH_PATHS = (
					"$(inherited)",
					"@executable_path/Frameworks",
				);
				MARKETING_VERSION = 1.0;
				PRODUCT_BUNDLE_IDENTIFIER = com.ohs.Mycalendar;
				PRODUCT_NAME = "$(TARGET_NAME)";
				SWIFT_EMIT_LOC_STRINGS = YES;
				SWIFT_VERSION = 5.0;
				TARGETED_DEVICE_FAMILY = "1,2";
			};
			name = Release;
		};
/* End XCBuildConfiguration section */

/* Begin XCConfigurationList section */
		A65763A7290BBAAD00BE2B18 /* Build configuration list for PBXProject "Mycalendar" */ = {
			isa = XCConfigurationList;
			buildConfigurations = (
				A65763B8290BBAAE00BE2B18 /* Debug */,
				A65763B9290BBAAE00BE2B18 /* Release */,
			);
			defaultConfigurationIsVisible = 0;
			defaultConfigurationName = Release;
		};
		A65763BA290BBAAE00BE2B18 /* Build configuration list for PBXNativeTarget "Mycalendar" */ = {
			isa = XCConfigurationList;
			buildConfigurations = (
				A65763BB290BBAAE00BE2B18 /* Debug */,
				A65763BC290BBAAE00BE2B18 /* Release */,
			);
			defaultConfigurationIsVisible = 0;
			defaultConfigurationName = Release;
		};
/* End XCConfigurationList section */

/* Begin XCRemoteSwiftPackageReference section */
		A65763BD290BBB6100BE2B18 /* XCRemoteSwiftPackageReference "FSCalendar" */ = {
			isa = XCRemoteSwiftPackageReference;
			repositoryURL = "https://github.com/WenchaoD/FSCalendar.git";
			requirement = {
				branch = master;
				kind = branch;
			};
		};
/* End XCRemoteSwiftPackageReference section */

/* Begin XCSwiftPackageProductDependency section */
		A65763BE290BBB6100BE2B18 /* FSCalendar */ = {
			isa = XCSwiftPackageProductDependency;
			package = A65763BD290BBB6100BE2B18 /* XCRemoteSwiftPackageReference "FSCalendar" */;
			productName = FSCalendar;
		};
/* End XCSwiftPackageProductDependency section */
	};
	rootObject = A65763A4290BBAAD00BE2B18 /* Project object */;
}
